
Microsoft Visual Studio Solution File, Format Version 12.00
# Visual Studio Version 16
VisualStudioVersion = 16.0.29306.81
MinimumVisualStudioVersion = 10.0.40219.1
Project("{9A19103F-16F7-4668-BE54-9A1E7A4F7556}") = "ReadConfiguration", "ReadConfiguration.csproj", "{02568615-81E5-429B-BDB5-3F7486A77F7F}"
EndProject
Global
	GlobalSection(SolutionConfigurationPlatforms) = preSolution
		Debug|Any CPU = Debug|Any CPU
		Release|Any CPU = Release|Any CPU
	EndGlobalSection
	GlobalSection(ProjectConfigurationPlatforms) = postSolution
		{02568615-81E5-429B-BDB5-3F7486A77F7F}.Debug|Any CPU.ActiveCfg = Debug|Any CPU
		{02568615-81E5-429B-BDB5-3F7486A77F7F}.Debug|Any CPU.Build.0 = Debug|Any CPU
		{02568615-81E5-429B-BDB5-3F7486A77F7F}.Release|Any CPU.ActiveCfg = Release|Any CPU
		{02568615-81E5-429B-BDB5-3F7486A77F7F}.Release|Any CPU.Build.0 = Release|Any CPU
	EndGlobalSection
	GlobalSection(SolutionProperties) = preSolution
		HideSolutionNode = FALSE
	EndGlobalSection
	GlobalSection(ExtensibilityGlobals) = postSolution
		SolutionGuid = {37DA9836-ABF3-4968-B686-A45EFA4C14BC}
	EndGlobalSection
EndGlobal
