
Microsoft Visual Studio Solution File, Format Version 12.00
# Visual Studio Version 16
VisualStudioVersion = 16.0.29519.87
MinimumVisualStudioVersion = 10.0.40219.1
Project("{FAE04EC0-301F-11D3-BF4B-00C04F79EFBC}") = "NumberTrunc", "NumberTrunc.csproj", "{51DB1525-B497-43D7-BA6F-1A551F1A5262}"
EndProject
Global
	GlobalSection(SolutionConfigurationPlatforms) = preSolution
		Debug|Any CPU = Debug|Any CPU
		Release|Any CPU = Release|Any CPU
	EndGlobalSection
	GlobalSection(ProjectConfigurationPlatforms) = postSolution
		{51DB1525-B497-43D7-BA6F-1A551F1A5262}.Debug|Any CPU.ActiveCfg = Debug|Any CPU
		{51DB1525-B497-43D7-BA6F-1A551F1A5262}.Debug|Any CPU.Build.0 = Debug|Any CPU
		{51DB1525-B497-43D7-BA6F-1A551F1A5262}.Release|Any CPU.ActiveCfg = Release|Any CPU
		{51DB1525-B497-43D7-BA6F-1A551F1A5262}.Release|Any CPU.Build.0 = Release|Any CPU
	EndGlobalSection
	GlobalSection(SolutionProperties) = preSolution
		HideSolutionNode = FALSE
	EndGlobalSection
	GlobalSection(ExtensibilityGlobals) = postSolution
		SolutionGuid = {E4339EE4-B200-4937-A53F-45F078FBAF1A}
	EndGlobalSection
EndGlobal
